lockfileVersion: '6.0'

settings:
  autoInstallPeers: true
  excludeLinksFromLockfile: false

dependencies:
  '@aws-sdk/client-dynamodb':
    specifier: ^3.470.0
    version: 3.470.0
  '@aws-sdk/lib-dynamodb':
    specifier: ^3.470.0
    version: 3.470.0(@aws-sdk/client-dynamodb@3.470.0)
  aws-cdk-lib:
    specifier: 2.114.1
    version: 2.114.1(constructs@10.3.0)
  constructs:
    specifier: ^10.0.0
    version: 10.3.0
  source-map-support:
    specifier: ^0.5.21
    version: 0.5.21

devDependencies:
  '@types/node':
    specifier: 20.9.1
    version: 20.9.1
  aws-cdk:
    specifier: 2.114.1
    version: 2.114.1
  esbuild:
    specifier: ^0.19.9
    version: 0.19.9
  prettier:
    specifier: ^3.1.1
    version: 3.1.1
  ts-node:
    specifier: ^10.9.1
    version: 10.9.2(@types/node@20.9.1)(typescript@5.2.2)
  typescript:
    specifier: ~5.2.2
    version: 5.2.2

packages:

  /@aws-cdk/asset-awscli-v1@2.2.201:
    resolution: {integrity: sha512-INZqcwDinNaIdb5CtW3ez5s943nX5stGBQS6VOP2JDlOFP81hM3fds/9NDknipqfUkZM43dx+HgVvkXYXXARCQ==}
    dev: false

  /@aws-cdk/asset-kubectl-v20@2.1.2:
    resolution: {integrity: sha512-3M2tELJOxQv0apCIiuKQ4pAbncz9GuLwnKFqxifWfe77wuMxyTRPmxssYHs42ePqzap1LT6GDcPygGs+hHstLg==}
    dev: false

  /@aws-cdk/asset-node-proxy-agent-v6@2.0.1:
    resolution: {integrity: sha512-DDt4SLdLOwWCjGtltH4VCST7hpOI5DzieuhGZsBpZ+AgJdSI2GCjklCXm0GCTwJG/SolkL5dtQXyUKgg9luBDg==}
    dev: false

  /@aws-crypto/crc32@3.0.0:
    resolution: {integrity: sha512-IzSgsrxUcsrejQbPVilIKy16kAT52EwB6zSaI+M3xxIhKh5+aldEyvI+z6erM7TCLB2BJsFrtHjp6/4/sr+3dA==}
    dependencies:
      '@aws-crypto/util': 3.0.0
      '@aws-sdk/types': 3.468.0
      tslib: 1.14.1
    dev: false

  /@aws-crypto/ie11-detection@3.0.0:
    resolution: {integrity: sha512-341lBBkiY1DfDNKai/wXM3aujNBkXR7tq1URPQDL9wi3AUbI80NR74uF1TXHMm7po1AcnFk8iu2S2IeU/+/A+Q==}
    dependencies:
      tslib: 1.14.1
    dev: false

  /@aws-crypto/sha256-browser@3.0.0:
    resolution: {integrity: sha512-8VLmW2B+gjFbU5uMeqtQM6Nj0/F1bro80xQXCW6CQBWgosFWXTx77aeOF5CAIAmbOK64SdMBJdNr6J41yP5mvQ==}
    dependencies:
      '@aws-crypto/ie11-detection': 3.0.0
      '@aws-crypto/sha256-js': 3.0.0
      '@aws-crypto/supports-web-crypto': 3.0.0
      '@aws-crypto/util': 3.0.0
      '@aws-sdk/types': 3.468.0
      '@aws-sdk/util-locate-window': 3.465.0
      '@aws-sdk/util-utf8-browser': 3.259.0
      tslib: 1.14.1
    dev: false

  /@aws-crypto/sha256-js@3.0.0:
    resolution: {integrity: sha512-PnNN7os0+yd1XvXAy23CFOmTbMaDxgxXtTKHybrJ39Y8kGzBATgBFibWJKH6BhytLI/Zyszs87xCOBNyBig6vQ==}
    dependencies:
      '@aws-crypto/util': 3.0.0
      '@aws-sdk/types': 3.468.0
      tslib: 1.14.1
    dev: false

  /@aws-crypto/supports-web-crypto@3.0.0:
    resolution: {integrity: sha512-06hBdMwUAb2WFTuGG73LSC0wfPu93xWwo5vL2et9eymgmu3Id5vFAHBbajVWiGhPO37qcsdCap/FqXvJGJWPIg==}
    dependencies:
      tslib: 1.14.1
    dev: false

  /@aws-crypto/util@3.0.0:
    resolution: {integrity: sha512-2OJlpeJpCR48CC8r+uKVChzs9Iungj9wkZrl8Z041DWEWvyIHILYKCPNzJghKsivj+S3mLo6BVc7mBNzdxA46w==}
    dependencies:
      '@aws-sdk/types': 3.468.0
      '@aws-sdk/util-utf8-browser': 3.259.0
      tslib: 1.14.1
    dev: false

  /@aws-sdk/client-dynamodb@3.470.0:
    resolution: {integrity: sha512-a6wQd0Il9bLFnOY6/ANZl4Lv0UxiIJjrJFkyAuLOMs4heVfCSgDs16AD+Ujm4Qm9byl9/jF6gLxDrRRuN2FrMg==}
    engines: {node: '>=14.0.0'}
    dependencies:
      '@aws-crypto/sha256-browser': 3.0.0
      '@aws-crypto/sha256-js': 3.0.0
      '@aws-sdk/client-sts': 3.470.0
      '@aws-sdk/core': 3.468.0
      '@aws-sdk/credential-provider-node': 3.470.0
      '@aws-sdk/middleware-endpoint-discovery': 3.470.0
      '@aws-sdk/middleware-host-header': 3.468.0
      '@aws-sdk/middleware-logger': 3.468.0
      '@aws-sdk/middleware-recursion-detection': 3.468.0
      '@aws-sdk/middleware-signing': 3.468.0
      '@aws-sdk/middleware-user-agent': 3.470.0
      '@aws-sdk/region-config-resolver': 3.470.0
      '@aws-sdk/types': 3.468.0
      '@aws-sdk/util-endpoints': 3.470.0
      '@aws-sdk/util-user-agent-browser': 3.468.0
      '@aws-sdk/util-user-agent-node': 3.470.0
      '@smithy/config-resolver': 2.0.21
      '@smithy/fetch-http-handler': 2.3.1
      '@smithy/hash-node': 2.0.17
      '@smithy/invalid-dependency': 2.0.15
      '@smithy/middleware-content-length': 2.0.17
      '@smithy/middleware-endpoint': 2.2.3
      '@smithy/middleware-retry': 2.0.24
      '@smithy/middleware-serde': 2.0.15
      '@smithy/middleware-stack': 2.0.9
      '@smithy/node-config-provider': 2.1.8
      '@smithy/node-http-handler': 2.2.1
      '@smithy/protocol-http': 3.0.11
      '@smithy/smithy-client': 2.1.18
      '@smithy/types': 2.7.0
      '@smithy/url-parser': 2.0.15
      '@smithy/util-base64': 2.0.1
      '@smithy/util-body-length-browser': 2.0.1
      '@smithy/util-body-length-node': 2.1.0
      '@smithy/util-defaults-mode-browser': 2.0.22
      '@smithy/util-defaults-mode-node': 2.0.29
      '@smithy/util-endpoints': 1.0.7
      '@smithy/util-retry': 2.0.8
      '@smithy/util-utf8': 2.0.2
      '@smithy/util-waiter': 2.0.15
      tslib: 2.6.2
      uuid: 8.3.2
    transitivePeerDependencies:
      - aws-crt
    dev: false

  /@aws-sdk/client-sso@3.470.0:
    resolution: {integrity: sha512-iMXqdXuypE3OK0rggbvSz7vBGlLDG418dNidHhdaeLluMTG/GfHbh1fLOlavhYxRwrsPrtYvFiVkxXFGzXva4w==}
    engines: {node: '>=14.0.0'}
    dependencies:
      '@aws-crypto/sha256-browser': 3.0.0
      '@aws-crypto/sha256-js': 3.0.0
      '@aws-sdk/core': 3.468.0
      '@aws-sdk/middleware-host-header': 3.468.0
      '@aws-sdk/middleware-logger': 3.468.0
      '@aws-sdk/middleware-recursion-detection': 3.468.0
      '@aws-sdk/middleware-user-agent': 3.470.0
      '@aws-sdk/region-config-resolver': 3.470.0
      '@aws-sdk/types': 3.468.0
      '@aws-sdk/util-endpoints': 3.470.0
      '@aws-sdk/util-user-agent-browser': 3.468.0
      '@aws-sdk/util-user-agent-node': 3.470.0
      '@smithy/config-resolver': 2.0.21
      '@smithy/fetch-http-handler': 2.3.1
      '@smithy/hash-node': 2.0.17
      '@smithy/invalid-dependency': 2.0.15
      '@smithy/middleware-content-length': 2.0.17
      '@smithy/middleware-endpoint': 2.2.3
      '@smithy/middleware-retry': 2.0.24
      '@smithy/middleware-serde': 2.0.15
      '@smithy/middleware-stack': 2.0.9
      '@smithy/node-config-provider': 2.1.8
      '@smithy/node-http-handler': 2.2.1
      '@smithy/protocol-http': 3.0.11
      '@smithy/smithy-client': 2.1.18
      '@smithy/types': 2.7.0
      '@smithy/url-parser': 2.0.15
      '@smithy/util-base64': 2.0.1
      '@smithy/util-body-length-browser': 2.0.1
      '@smithy/util-body-length-node': 2.1.0
      '@smithy/util-defaults-mode-browser': 2.0.22
      '@smithy/util-defaults-mode-node': 2.0.29
      '@smithy/util-endpoints': 1.0.7
      '@smithy/util-retry': 2.0.8
      '@smithy/util-utf8': 2.0.2
      tslib: 2.6.2
    transitivePeerDependencies:
      - aws-crt
    dev: false

  /@aws-sdk/client-sts@3.470.0:
    resolution: {integrity: sha512-TP3A4t8FoFEQinm6axxduTUnlMMLpmLi4Sf00JTI2CszxLUFh/JyUhYQ5gSOoXgPFmfwVXUNKCtmR3jdP0ZGPw==}
    engines: {node: '>=14.0.0'}
    dependencies:
      '@aws-crypto/sha256-browser': 3.0.0
      '@aws-crypto/sha256-js': 3.0.0
      '@aws-sdk/core': 3.468.0
      '@aws-sdk/credential-provider-node': 3.470.0
      '@aws-sdk/middleware-host-header': 3.468.0
      '@aws-sdk/middleware-logger': 3.468.0
      '@aws-sdk/middleware-recursion-detection': 3.468.0
      '@aws-sdk/middleware-sdk-sts': 3.468.0
      '@aws-sdk/middleware-signing': 3.468.0
      '@aws-sdk/middleware-user-agent': 3.470.0
      '@aws-sdk/region-config-resolver': 3.470.0
      '@aws-sdk/types': 3.468.0
      '@aws-sdk/util-endpoints': 3.470.0
      '@aws-sdk/util-user-agent-browser': 3.468.0
      '@aws-sdk/util-user-agent-node': 3.470.0
      '@smithy/config-resolver': 2.0.21
      '@smithy/fetch-http-handler': 2.3.1
      '@smithy/hash-node': 2.0.17
      '@smithy/invalid-dependency': 2.0.15
      '@smithy/middleware-content-length': 2.0.17
      '@smithy/middleware-endpoint': 2.2.3
      '@smithy/middleware-retry': 2.0.24
      '@smithy/middleware-serde': 2.0.15
      '@smithy/middleware-stack': 2.0.9
      '@smithy/node-config-provider': 2.1.8
      '@smithy/node-http-handler': 2.2.1
      '@smithy/protocol-http': 3.0.11
      '@smithy/smithy-client': 2.1.18
      '@smithy/types': 2.7.0
      '@smithy/url-parser': 2.0.15
      '@smithy/util-base64': 2.0.1
      '@smithy/util-body-length-browser': 2.0.1
      '@smithy/util-body-length-node': 2.1.0
      '@smithy/util-defaults-mode-browser': 2.0.22
      '@smithy/util-defaults-mode-node': 2.0.29
      '@smithy/util-endpoints': 1.0.7
      '@smithy/util-retry': 2.0.8
      '@smithy/util-utf8': 2.0.2
      fast-xml-parser: 4.2.5
      tslib: 2.6.2
    transitivePeerDependencies:
      - aws-crt
    dev: false

  /@aws-sdk/core@3.468.0:
    resolution: {integrity: sha512-ezUJR9VvknKoXzNZ4wvzGi1jdkmm+/1dUYQ9Sw4r8bzlJDTsUnWbyvaDlBQh81RuhLtVkaUfTnQKoec0cwlZKQ==}
    engines: {node: '>=14.0.0'}
    dependencies:
      '@smithy/smithy-client': 2.1.18
      tslib: 2.6.2
    dev: false

  /@aws-sdk/credential-provider-env@3.468.0:
    resolution: {integrity: sha512-k/1WHd3KZn0EQYjadooj53FC0z24/e4dUZhbSKTULgmxyO62pwh9v3Brvw4WRa/8o2wTffU/jo54tf4vGuP/ZA==}
    engines: {node: '>=14.0.0'}
    dependencies:
      '@aws-sdk/types': 3.468.0
      '@smithy/property-provider': 2.0.16
      '@smithy/types': 2.7.0
      tslib: 2.6.2
    dev: false

  /@aws-sdk/credential-provider-ini@3.470.0:
    resolution: {integrity: sha512-eF22iPO6J2jY+LbuTv5dW0hZBmi6ksRDFFd/zT6TLasrzH2Ex+gAfN3c7rFHF+XAubL0JXFUKFA3UAwoZpO9Zg==}
    engines: {node: '>=14.0.0'}
    dependencies:
      '@aws-sdk/credential-provider-env': 3.468.0
      '@aws-sdk/credential-provider-process': 3.468.0
      '@aws-sdk/credential-provider-sso': 3.470.0
      '@aws-sdk/credential-provider-web-identity': 3.468.0
      '@aws-sdk/types': 3.468.0
      '@smithy/credential-provider-imds': 2.1.4
      '@smithy/property-provider': 2.0.16
      '@smithy/shared-ini-file-loader': 2.2.7
      '@smithy/types': 2.7.0
      tslib: 2.6.2
    transitivePeerDependencies:
      - aws-crt
    dev: false

  /@aws-sdk/credential-provider-node@3.470.0:
    resolution: {integrity: sha512-paySXwzGxBVU+2cVUkRIXafKhYhtO2fJJ3MotR6euvRONK/dta+bhEc5Z4QnTo/gNLoELK/QUC0EGoF+oPfk8g==}
    engines: {node: '>=14.0.0'}
    dependencies:
      '@aws-sdk/credential-provider-env': 3.468.0
      '@aws-sdk/credential-provider-ini': 3.470.0
      '@aws-sdk/credential-provider-process': 3.468.0
      '@aws-sdk/credential-provider-sso': 3.470.0
      '@aws-sdk/credential-provider-web-identity': 3.468.0
      '@aws-sdk/types': 3.468.0
      '@smithy/credential-provider-imds': 2.1.4
      '@smithy/property-provider': 2.0.16
      '@smithy/shared-ini-file-loader': 2.2.7
      '@smithy/types': 2.7.0
      tslib: 2.6.2
    transitivePeerDependencies:
      - aws-crt
    dev: false

  /@aws-sdk/credential-provider-process@3.468.0:
    resolution: {integrity: sha512-OYSn1A/UsyPJ7Z8Q2cNhTf55O36shPmSsvOfND04nSfu1nPaR+VUvvsP7v+brhGpwC/GAKTIdGAo4blH31BS6A==}
    engines: {node: '>=14.0.0'}
    dependencies:
      '@aws-sdk/types': 3.468.0
      '@smithy/property-provider': 2.0.16
      '@smithy/shared-ini-file-loader': 2.2.7
      '@smithy/types': 2.7.0
      tslib: 2.6.2
    dev: false

  /@aws-sdk/credential-provider-sso@3.470.0:
    resolution: {integrity: sha512-biGDSh9S9KDR9Tl/8cCPn9g5KPNkXg/CIJIOk3X+6valktbJ2UVYBzi0ZX4vZiudt5ry/Hsu6Pgo+KN1AmBWdg==}
    engines: {node: '>=14.0.0'}
    dependencies:
      '@aws-sdk/client-sso': 3.470.0
      '@aws-sdk/token-providers': 3.470.0
      '@aws-sdk/types': 3.468.0
      '@smithy/property-provider': 2.0.16
      '@smithy/shared-ini-file-loader': 2.2.7
      '@smithy/types': 2.7.0
      tslib: 2.6.2
    transitivePeerDependencies:
      - aws-crt
    dev: false

  /@aws-sdk/credential-provider-web-identity@3.468.0:
    resolution: {integrity: sha512-rexymPmXjtkwCPfhnUq3EjO1rSkf39R4Jz9CqiM7OsqK2qlT5Y/V3gnMKn0ZMXsYaQOMfM3cT5xly5R+OKDHlw==}
    engines: {node: '>=14.0.0'}
    dependencies:
      '@aws-sdk/types': 3.468.0
      '@smithy/property-provider': 2.0.16
      '@smithy/types': 2.7.0
      tslib: 2.6.2
    dev: false

  /@aws-sdk/endpoint-cache@3.465.0:
    resolution: {integrity: sha512-0cuotk23hVSrqxHkJ3TTWC9MVMRgwlUvCatyegJEauJnk8kpLSGXE5KVdExlUBwShGNlj7ac29okZ9m17iTi5Q==}
    engines: {node: '>=14.0.0'}
    dependencies:
      mnemonist: 0.38.3
      tslib: 2.6.2
    dev: false

  /@aws-sdk/lib-dynamodb@3.470.0(@aws-sdk/client-dynamodb@3.470.0):
    resolution: {integrity: sha512-zWFvNXz0sEyvBzCgbQxpyc3fCyNQz1p8Tr8FOuChT/uotWCJ0dg+5GyofGb/b7GHt++h4qAY5OgVluYDaV5Zig==}
    engines: {node: '>=14.0.0'}
    peerDependencies:
      '@aws-sdk/client-dynamodb': ^3.0.0
    dependencies:
      '@aws-sdk/client-dynamodb': 3.470.0
      '@aws-sdk/util-dynamodb': 3.470.0(@aws-sdk/client-dynamodb@3.470.0)
      '@smithy/smithy-client': 2.1.18
      '@smithy/types': 2.7.0
      tslib: 2.6.2
    dev: false

  /@aws-sdk/middleware-endpoint-discovery@3.470.0:
    resolution: {integrity: sha512-pN+3Y7W3Xvs6pE2RlkXmO7ugOGLXsGR3zJI/fiGOLoCOGESuM3fq3CXdasOl76wch0L9iB1lPmoHMabkxKugGQ==}
    engines: {node: '>=14.0.0'}
    dependencies:
      '@aws-sdk/endpoint-cache': 3.465.0
      '@aws-sdk/types': 3.468.0
      '@smithy/node-config-provider': 2.1.8
      '@smithy/protocol-http': 3.0.11
      '@smithy/types': 2.7.0
      tslib: 2.6.2
    dev: false

  /@aws-sdk/middleware-host-header@3.468.0:
    resolution: {integrity: sha512-gwQ+/QhX+lhof304r6zbZ/V5l5cjhGRxLL3CjH1uJPMcOAbw9wUlMdl+ibr8UwBZ5elfKFGiB1cdW/0uMchw0w==}
    engines: {node: '>=14.0.0'}
    dependencies:
      '@aws-sdk/types': 3.468.0
      '@smithy/protocol-http': 3.0.11
      '@smithy/types': 2.7.0
      tslib: 2.6.2
    dev: false

  /@aws-sdk/middleware-logger@3.468.0:
    resolution: {integrity: sha512-X5XHKV7DHRXI3f29SAhJPe/OxWRFgDWDMMCALfzhmJfCi6Jfh0M14cJKoC+nl+dk9lB+36+jKjhjETZaL2bPlA==}
    engines: {node: '>=14.0.0'}
    dependencies:
      '@aws-sdk/types': 3.468.0
      '@smithy/types': 2.7.0
      tslib: 2.6.2
    dev: false

  /@aws-sdk/middleware-recursion-detection@3.468.0:
    resolution: {integrity: sha512-vch9IQib2Ng9ucSyRW2eKNQXHUPb5jUPCLA5otTW/8nGjcOU37LxQG4WrxO7uaJ9Oe8hjHO+hViE3P0KISUhtA==}
    engines: {node: '>=14.0.0'}
    dependencies:
      '@aws-sdk/types': 3.468.0
      '@smithy/protocol-http': 3.0.11
      '@smithy/types': 2.7.0
      tslib: 2.6.2
    dev: false

  /@aws-sdk/middleware-sdk-sts@3.468.0:
    resolution: {integrity: sha512-xRy8NKfHbmafHwdbotdWgHBvRs0YZgk20GrhFJKp43bkqVbJ5bNlh3nQXf1DeFY9fARR84Bfotya4fwCUHWgZg==}
    engines: {node: '>=14.0.0'}
    dependencies:
      '@aws-sdk/middleware-signing': 3.468.0
      '@aws-sdk/types': 3.468.0
      '@smithy/types': 2.7.0
      tslib: 2.6.2
    dev: false

  /@aws-sdk/middleware-signing@3.468.0:
    resolution: {integrity: sha512-s+7fSB1gdnnTj5O0aCCarX3z5Vppop8kazbNSZADdkfHIDWCN80IH4ZNjY3OWqaAz0HmR4LNNrovdR304ojb4Q==}
    engines: {node: '>=14.0.0'}
    dependencies:
      '@aws-sdk/types': 3.468.0
      '@smithy/property-provider': 2.0.16
      '@smithy/protocol-http': 3.0.11
      '@smithy/signature-v4': 2.0.18
      '@smithy/types': 2.7.0
      '@smithy/util-middleware': 2.0.8
      tslib: 2.6.2
    dev: false

  /@aws-sdk/middleware-user-agent@3.470.0:
    resolution: {integrity: sha512-s0YRGgf4fT5KwwTefpoNUQfB5JghzXyvmPfY1QuFEMeVQNxv0OPuydzo3rY2oXPkZjkulKDtpm5jzIHwut75hA==}
    engines: {node: '>=14.0.0'}
    dependencies:
      '@aws-sdk/types': 3.468.0
      '@aws-sdk/util-endpoints': 3.470.0
      '@smithy/protocol-http': 3.0.11
      '@smithy/types': 2.7.0
      tslib: 2.6.2
    dev: false

  /@aws-sdk/region-config-resolver@3.470.0:
    resolution: {integrity: sha512-C1o1J06iIw8cyAAOvHqT4Bbqf+PgQ/RDlSyjt2gFfP2OovDpc2o2S90dE8f8iZdSGpg70N5MikT1DBhW9NbhtQ==}
    engines: {node: '>=14.0.0'}
    dependencies:
      '@smithy/node-config-provider': 2.1.8
      '@smithy/types': 2.7.0
      '@smithy/util-config-provider': 2.0.0
      '@smithy/util-middleware': 2.0.8
      tslib: 2.6.2
    dev: false

  /@aws-sdk/token-providers@3.470.0:
    resolution: {integrity: sha512-rzxnJxEUJiV69Cxsf0AHXTqJqTACITwcSH/PL4lWP4uvtzdrzSi3KA3u2aWHWpOcdE6+JFvdICscsbBSo3/TOg==}
    engines: {node: '>=14.0.0'}
    dependencies:
      '@aws-crypto/sha256-browser': 3.0.0
      '@aws-crypto/sha256-js': 3.0.0
      '@aws-sdk/middleware-host-header': 3.468.0
      '@aws-sdk/middleware-logger': 3.468.0
      '@aws-sdk/middleware-recursion-detection': 3.468.0
      '@aws-sdk/middleware-user-agent': 3.470.0
      '@aws-sdk/region-config-resolver': 3.470.0
      '@aws-sdk/types': 3.468.0
      '@aws-sdk/util-endpoints': 3.470.0
      '@aws-sdk/util-user-agent-browser': 3.468.0
      '@aws-sdk/util-user-agent-node': 3.470.0
      '@smithy/config-resolver': 2.0.21
      '@smithy/fetch-http-handler': 2.3.1
      '@smithy/hash-node': 2.0.17
      '@smithy/invalid-dependency': 2.0.15
      '@smithy/middleware-content-length': 2.0.17
      '@smithy/middleware-endpoint': 2.2.3
      '@smithy/middleware-retry': 2.0.24
      '@smithy/middleware-serde': 2.0.15
      '@smithy/middleware-stack': 2.0.9
      '@smithy/node-config-provider': 2.1.8
      '@smithy/node-http-handler': 2.2.1
      '@smithy/property-provider': 2.0.16
      '@smithy/protocol-http': 3.0.11
      '@smithy/shared-ini-file-loader': 2.2.7
      '@smithy/smithy-client': 2.1.18
      '@smithy/types': 2.7.0
      '@smithy/url-parser': 2.0.15
      '@smithy/util-base64': 2.0.1
      '@smithy/util-body-length-browser': 2.0.1
      '@smithy/util-body-length-node': 2.1.0
      '@smithy/util-defaults-mode-browser': 2.0.22
      '@smithy/util-defaults-mode-node': 2.0.29
      '@smithy/util-endpoints': 1.0.7
      '@smithy/util-retry': 2.0.8
      '@smithy/util-utf8': 2.0.2
      tslib: 2.6.2
    transitivePeerDependencies:
      - aws-crt
    dev: false

  /@aws-sdk/types@3.468.0:
    resolution: {integrity: sha512-rx/9uHI4inRbp2tw3Y4Ih4PNZkVj32h7WneSg3MVgVjAoVD5Zti9KhS5hkvsBxfgmQmg0AQbE+b1sy5WGAgntA==}
    engines: {node: '>=14.0.0'}
    dependencies:
      '@smithy/types': 2.7.0
      tslib: 2.6.2
    dev: false

  /@aws-sdk/util-dynamodb@3.470.0(@aws-sdk/client-dynamodb@3.470.0):
    resolution: {integrity: sha512-iBTic5F7GU7zzDHRIC/v0wruM4rUgZ7m/JUfIJ2HRl3kmQohg4GS5PJC+nEph7VgE1vACdY115uF7QQ/SwKamw==}
    engines: {node: '>=14.0.0'}
    peerDependencies:
      '@aws-sdk/client-dynamodb': ^3.0.0
    dependencies:
      '@aws-sdk/client-dynamodb': 3.470.0
      tslib: 2.6.2
    dev: false

  /@aws-sdk/util-endpoints@3.470.0:
    resolution: {integrity: sha512-6N6VvPCmu+89p5Ez/+gLf+X620iQ9JpIs8p8ECZiCodirzFOe8NC1O2S7eov7YiG9IHSuodqn/0qNq+v+oLe0A==}
    engines: {node: '>=14.0.0'}
    dependencies:
      '@aws-sdk/types': 3.468.0
      '@smithy/util-endpoints': 1.0.7
      tslib: 2.6.2
    dev: false

  /@aws-sdk/util-locate-window@3.465.0:
    resolution: {integrity: sha512-f+QNcWGswredzC1ExNAB/QzODlxwaTdXkNT5cvke2RLX8SFU5pYk6h4uCtWC0vWPELzOfMfloBrJefBzlarhsw==}
    engines: {node: '>=14.0.0'}
    dependencies:
      tslib: 2.6.2
    dev: false

  /@aws-sdk/util-user-agent-browser@3.468.0:
    resolution: {integrity: sha512-OJyhWWsDEizR3L+dCgMXSUmaCywkiZ7HSbnQytbeKGwokIhD69HTiJcibF/sgcM5gk4k3Mq3puUhGnEZ46GIig==}
    dependencies:
      '@aws-sdk/types': 3.468.0
      '@smithy/types': 2.7.0
      bowser: 2.11.0
      tslib: 2.6.2
    dev: false

  /@aws-sdk/util-user-agent-node@3.470.0:
    resolution: {integrity: sha512-QxsZ9iVHcBB/XRdYvwfM5AMvNp58HfqkIrH88mY0cmxuvtlIGDfWjczdDrZMJk9y0vIq+cuoCHsGXHu7PyiEAQ==}
    engines: {node: '>=14.0.0'}
    peerDependencies:
      aws-crt: '>=1.0.0'
    peerDependenciesMeta:
      aws-crt:
        optional: true
    dependencies:
      '@aws-sdk/types': 3.468.0
      '@smithy/node-config-provider': 2.1.8
      '@smithy/types': 2.7.0
      tslib: 2.6.2
    dev: false

  /@aws-sdk/util-utf8-browser@3.259.0:
    resolution: {integrity: sha512-UvFa/vR+e19XookZF8RzFZBrw2EUkQWxiBW0yYQAhvk3C+QVGl0H3ouca8LDBlBfQKXwmW3huo/59H8rwb1wJw==}
    dependencies:
      tslib: 2.6.2
    dev: false

  /@cspotcode/source-map-support@0.8.1:
    resolution: {integrity: sha512-IchNf6dN4tHoMFIn/7OE8LWZ19Y6q/67Bmf6vnGREv8RSbBVb9LPJxEcnwrcwX6ixSvaiGoomAUvu4YSxXrVgw==}
    engines: {node: '>=12'}
    dependencies:
      '@jridgewell/trace-mapping': 0.3.9
    dev: true

  /@esbuild/android-arm64@0.19.9:
    resolution: {integrity: sha512-q4cR+6ZD0938R19MyEW3jEsMzbb/1rulLXiNAJQADD/XYp7pT+rOS5JGxvpRW8dFDEfjW4wLgC/3FXIw4zYglQ==}
    engines: {node: '>=12'}
    cpu: [arm64]
    os: [android]
    requiresBuild: true
    dev: true
    optional: true

  /@esbuild/android-arm@0.19.9:
    resolution: {integrity: sha512-jkYjjq7SdsWuNI6b5quymW0oC83NN5FdRPuCbs9HZ02mfVdAP8B8eeqLSYU3gb6OJEaY5CQabtTFbqBf26H3GA==}
    engines: {node: '>=12'}
    cpu: [arm]
    os: [android]
    requiresBuild: true
    dev: true
    optional: true

  /@esbuild/android-x64@0.19.9:
    resolution: {integrity: sha512-KOqoPntWAH6ZxDwx1D6mRntIgZh9KodzgNOy5Ebt9ghzffOk9X2c1sPwtM9P+0eXbefnDhqYfkh5PLP5ULtWFA==}
    engines: {node: '>=12'}
    cpu: [x64]
    os: [android]
    requiresBuild: true
    dev: true
    optional: true

  /@esbuild/darwin-arm64@0.19.9:
    resolution: {integrity: sha512-KBJ9S0AFyLVx2E5D8W0vExqRW01WqRtczUZ8NRu+Pi+87opZn5tL4Y0xT0mA4FtHctd0ZgwNoN639fUUGlNIWw==}
    engines: {node: '>=12'}
    cpu: [arm64]
    os: [darwin]
    requiresBuild: true
    dev: true
    optional: true

  /@esbuild/darwin-x64@0.19.9:
    resolution: {integrity: sha512-vE0VotmNTQaTdX0Q9dOHmMTao6ObjyPm58CHZr1UK7qpNleQyxlFlNCaHsHx6Uqv86VgPmR4o2wdNq3dP1qyDQ==}
    engines: {node: '>=12'}
    cpu: [x64]
    os: [darwin]
    requiresBuild: true
    dev: true
    optional: true

  /@esbuild/freebsd-arm64@0.19.9:
    resolution: {integrity: sha512-uFQyd/o1IjiEk3rUHSwUKkqZwqdvuD8GevWF065eqgYfexcVkxh+IJgwTaGZVu59XczZGcN/YMh9uF1fWD8j1g==}
    engines: {node: '>=12'}
    cpu: [arm64]
    os: [freebsd]
    requiresBuild: true
    dev: true
    optional: true

  /@esbuild/freebsd-x64@0.19.9:
    resolution: {integrity: sha512-WMLgWAtkdTbTu1AWacY7uoj/YtHthgqrqhf1OaEWnZb7PQgpt8eaA/F3LkV0E6K/Lc0cUr/uaVP/49iE4M4asA==}
    engines: {node: '>=12'}
    cpu: [x64]
    os: [freebsd]
    requiresBuild: true
    dev: true
    optional: true

  /@esbuild/linux-arm64@0.19.9:
    resolution: {integrity: sha512-PiPblfe1BjK7WDAKR1Cr9O7VVPqVNpwFcPWgfn4xu0eMemzRp442hXyzF/fSwgrufI66FpHOEJk0yYdPInsmyQ==}
    engines: {node: '>=12'}
    cpu: [arm64]
    os: [linux]
    requiresBuild: true
    dev: true
    optional: true

  /@esbuild/linux-arm@0.19.9:
    resolution: {integrity: sha512-C/ChPohUYoyUaqn1h17m/6yt6OB14hbXvT8EgM1ZWaiiTYz7nWZR0SYmMnB5BzQA4GXl3BgBO1l8MYqL/He3qw==}
    engines: {node: '>=12'}
    cpu: [arm]
    os: [linux]
    requiresBuild: true
    dev: true
    optional: true

  /@esbuild/linux-ia32@0.19.9:
    resolution: {integrity: sha512-f37i/0zE0MjDxijkPSQw1CO/7C27Eojqb+r3BbHVxMLkj8GCa78TrBZzvPyA/FNLUMzP3eyHCVkAopkKVja+6Q==}
    engines: {node: '>=12'}
    cpu: [ia32]
    os: [linux]
    requiresBuild: true
    dev: true
    optional: true

  /@esbuild/linux-loong64@0.19.9:
    resolution: {integrity: sha512-t6mN147pUIf3t6wUt3FeumoOTPfmv9Cc6DQlsVBpB7eCpLOqQDyWBP1ymXn1lDw4fNUSb/gBcKAmvTP49oIkaA==}
    engines: {node: '>=12'}
    cpu: [loong64]
    os: [linux]
    requiresBuild: true
    dev: true
    optional: true

  /@esbuild/linux-mips64el@0.19.9:
    resolution: {integrity: sha512-jg9fujJTNTQBuDXdmAg1eeJUL4Jds7BklOTkkH80ZgQIoCTdQrDaHYgbFZyeTq8zbY+axgptncko3v9p5hLZtw==}
    engines: {node: '>=12'}
    cpu: [mips64el]
    os: [linux]
    requiresBuild: true
    dev: true
    optional: true

  /@esbuild/linux-ppc64@0.19.9:
    resolution: {integrity: sha512-tkV0xUX0pUUgY4ha7z5BbDS85uI7ABw3V1d0RNTii7E9lbmV8Z37Pup2tsLV46SQWzjOeyDi1Q7Wx2+QM8WaCQ==}
    engines: {node: '>=12'}
    cpu: [ppc64]
    os: [linux]
    requiresBuild: true
    dev: true
    optional: true

  /@esbuild/linux-riscv64@0.19.9:
    resolution: {integrity: sha512-DfLp8dj91cufgPZDXr9p3FoR++m3ZJ6uIXsXrIvJdOjXVREtXuQCjfMfvmc3LScAVmLjcfloyVtpn43D56JFHg==}
    engines: {node: '>=12'}
    cpu: [riscv64]
    os: [linux]
    requiresBuild: true
    dev: true
    optional: true

  /@esbuild/linux-s390x@0.19.9:
    resolution: {integrity: sha512-zHbglfEdC88KMgCWpOl/zc6dDYJvWGLiUtmPRsr1OgCViu3z5GncvNVdf+6/56O2Ca8jUU+t1BW261V6kp8qdw==}
    engines: {node: '>=12'}
    cpu: [s390x]
    os: [linux]
    requiresBuild: true
    dev: true
    optional: true

  /@esbuild/linux-x64@0.19.9:
    resolution: {integrity: sha512-JUjpystGFFmNrEHQnIVG8hKwvA2DN5o7RqiO1CVX8EN/F/gkCjkUMgVn6hzScpwnJtl2mPR6I9XV1oW8k9O+0A==}
    engines: {node: '>=12'}
    cpu: [x64]
    os: [linux]
    requiresBuild: true
    dev: true
    optional: true

  /@esbuild/netbsd-x64@0.19.9:
    resolution: {integrity: sha512-GThgZPAwOBOsheA2RUlW5UeroRfESwMq/guy8uEe3wJlAOjpOXuSevLRd70NZ37ZrpO6RHGHgEHvPg1h3S1Jug==}
    engines: {node: '>=12'}
    cpu: [x64]
    os: [netbsd]
    requiresBuild: true
    dev: true
    optional: true

  /@esbuild/openbsd-x64@0.19.9:
    resolution: {integrity: sha512-Ki6PlzppaFVbLnD8PtlVQfsYw4S9n3eQl87cqgeIw+O3sRr9IghpfSKY62mggdt1yCSZ8QWvTZ9jo9fjDSg9uw==}
    engines: {node: '>=12'}
    cpu: [x64]
    os: [openbsd]
    requiresBuild: true
    dev: true
    optional: true

  /@esbuild/sunos-x64@0.19.9:
    resolution: {integrity: sha512-MLHj7k9hWh4y1ddkBpvRj2b9NCBhfgBt3VpWbHQnXRedVun/hC7sIyTGDGTfsGuXo4ebik2+3ShjcPbhtFwWDw==}
    engines: {node: '>=12'}
    cpu: [x64]
    os: [sunos]
    requiresBuild: true
    dev: true
    optional: true

  /@esbuild/win32-arm64@0.19.9:
    resolution: {integrity: sha512-GQoa6OrQ8G08guMFgeXPH7yE/8Dt0IfOGWJSfSH4uafwdC7rWwrfE6P9N8AtPGIjUzdo2+7bN8Xo3qC578olhg==}
    engines: {node: '>=12'}
    cpu: [arm64]
    os: [win32]
    requiresBuild: true
    dev: true
    optional: true

  /@esbuild/win32-ia32@0.19.9:
    resolution: {integrity: sha512-UOozV7Ntykvr5tSOlGCrqU3NBr3d8JqPes0QWN2WOXfvkWVGRajC+Ym0/Wj88fUgecUCLDdJPDF0Nna2UK3Qtg==}
    engines: {node: '>=12'}
    cpu: [ia32]
    os: [win32]
    requiresBuild: true
    dev: true
    optional: true

  /@esbuild/win32-x64@0.19.9:
    resolution: {integrity: sha512-oxoQgglOP7RH6iasDrhY+R/3cHrfwIDvRlT4CGChflq6twk8iENeVvMJjmvBb94Ik1Z+93iGO27err7w6l54GQ==}
    engines: {node: '>=12'}
    cpu: [x64]
    os: [win32]
    requiresBuild: true
    dev: true
    optional: true

  /@jridgewell/resolve-uri@3.1.1:
    resolution: {integrity: sha512-dSYZh7HhCDtCKm4QakX0xFpsRDqjjtZf/kjI/v3T3Nwt5r8/qz/M19F9ySyOqU94SXBmeG9ttTul+YnR4LOxFA==}
    engines: {node: '>=6.0.0'}
    dev: true

  /@jridgewell/sourcemap-codec@1.4.15:
    resolution: {integrity: sha512-eF2rxCRulEKXHTRiDrDy6erMYWqNw4LPdQ8UQA4huuxaQsVeRPFl2oM8oDGxMFhJUWZf9McpLtJasDDZb/Bpeg==}
    dev: true

  /@jridgewell/trace-mapping@0.3.9:
    resolution: {integrity: sha512-3Belt6tdc8bPgAtbcmdtNJlirVoTmEb5e2gC94PnkwEW9jI6CAHUeoG85tjWP5WquqfavoMtMwiG4P926ZKKuQ==}
    dependencies:
      '@jridgewell/resolve-uri': 3.1.1
      '@jridgewell/sourcemap-codec': 1.4.15
    dev: true

  /@smithy/abort-controller@2.0.15:
    resolution: {integrity: sha512-JkS36PIS3/UCbq/MaozzV7jECeL+BTt4R75bwY8i+4RASys4xOyUS1HsRyUNSqUXFP4QyCz5aNnh3ltuaxv+pw==}
    engines: {node: '>=14.0.0'}
    dependencies:
      '@smithy/types': 2.7.0
      tslib: 2.6.2
    dev: false

  /@smithy/config-resolver@2.0.21:
    resolution: {integrity: sha512-rlLIGT+BeqjnA6C2FWumPRJS1UW07iU5ZxDHtFuyam4W65gIaOFMjkB90ofKCIh+0mLVQrQFrl/VLtQT/6FWTA==}
    engines: {node: '>=14.0.0'}
    dependencies:
      '@smithy/node-config-provider': 2.1.8
      '@smithy/types': 2.7.0
      '@smithy/util-config-provider': 2.0.0
      '@smithy/util-middleware': 2.0.8
      tslib: 2.6.2
    dev: false

  /@smithy/credential-provider-imds@2.1.4:
    resolution: {integrity: sha512-cwPJN1fa1YOQzhBlTXRavABEYRRchci1X79QRwzaNLySnIMJfztyv1Zkst0iZPLMnpn8+CnHu3wOHS11J5Dr3A==}
    engines: {node: '>=14.0.0'}
    dependencies:
      '@smithy/node-config-provider': 2.1.8
      '@smithy/property-provider': 2.0.16
      '@smithy/types': 2.7.0
      '@smithy/url-parser': 2.0.15
      tslib: 2.6.2
    dev: false

  /@smithy/eventstream-codec@2.0.15:
    resolution: {integrity: sha512-crjvz3j1gGPwA0us6cwS7+5gAn35CTmqu/oIxVbYJo2Qm/sGAye6zGJnMDk3BKhWZw5kcU1G4MxciTkuBpOZPg==}
    dependencies:
      '@aws-crypto/crc32': 3.0.0
      '@smithy/types': 2.7.0
      '@smithy/util-hex-encoding': 2.0.0
      tslib: 2.6.2
    dev: false

  /@smithy/fetch-http-handler@2.3.1:
    resolution: {integrity: sha512-6MNk16fqb8EwcYY8O8WxB3ArFkLZ2XppsSNo1h7SQcFdDDwIumiJeO6wRzm7iB68xvsOQzsdQKbdtTieS3hfSQ==}
    dependencies:
      '@smithy/protocol-http': 3.0.11
      '@smithy/querystring-builder': 2.0.15
      '@smithy/types': 2.7.0
      '@smithy/util-base64': 2.0.1
      tslib: 2.6.2
    dev: false

  /@smithy/hash-node@2.0.17:
    resolution: {integrity: sha512-Il6WuBcI1nD+e2DM7tTADMf01wEPGK8PAhz4D+YmDUVaoBqlA+CaH2uDJhiySifmuKBZj748IfygXty81znKhw==}
    engines: {node: '>=14.0.0'}
    dependencies:
      '@smithy/types': 2.7.0
      '@smithy/util-buffer-from': 2.0.0
      '@smithy/util-utf8': 2.0.2
      tslib: 2.6.2
    dev: false

  /@smithy/invalid-dependency@2.0.15:
    resolution: {integrity: sha512-dlEKBFFwVfzA5QroHlBS94NpgYjXhwN/bFfun+7w3rgxNvVy79SK0w05iGc7UAeC5t+D7gBxrzdnD6hreZnDVQ==}
    dependencies:
      '@smithy/types': 2.7.0
      tslib: 2.6.2
    dev: false

  /@smithy/is-array-buffer@2.0.0:
    resolution: {integrity: sha512-z3PjFjMyZNI98JFRJi/U0nGoLWMSJlDjAW4QUX2WNZLas5C0CmVV6LJ01JI0k90l7FvpmixjWxPFmENSClQ7ug==}
    engines: {node: '>=14.0.0'}
    dependencies:
      tslib: 2.6.2
    dev: false

  /@smithy/middleware-content-length@2.0.17:
    resolution: {integrity: sha512-OyadvMcKC7lFXTNBa8/foEv7jOaqshQZkjWS9coEXPRZnNnihU/Ls+8ZuJwGNCOrN2WxXZFmDWhegbnM4vak8w==}
    engines: {node: '>=14.0.0'}
    dependencies:
      '@smithy/protocol-http': 3.0.11
      '@smithy/types': 2.7.0
      tslib: 2.6.2
    dev: false

  /@smithy/middleware-endpoint@2.2.3:
    resolution: {integrity: sha512-nYfxuq0S/xoAjdLbyn1ixeVB6cyH9wYCMtbbOCpcCRYR5u2mMtqUtVjjPAZ/DIdlK3qe0tpB0Q76szFGNuz+kQ==}
    engines: {node: '>=14.0.0'}
    dependencies:
      '@smithy/middleware-serde': 2.0.15
      '@smithy/node-config-provider': 2.1.8
      '@smithy/shared-ini-file-loader': 2.2.7
      '@smithy/types': 2.7.0
      '@smithy/url-parser': 2.0.15
      '@smithy/util-middleware': 2.0.8
      tslib: 2.6.2
    dev: false

  /@smithy/middleware-retry@2.0.24:
    resolution: {integrity: sha512-q2SvHTYu96N7lYrn3VSuX3vRpxXHR/Cig6MJpGWxd0BWodUQUWlKvXpWQZA+lTaFJU7tUvpKhRd4p4MU3PbeJg==}
    engines: {node: '>=14.0.0'}
    dependencies:
      '@smithy/node-config-provider': 2.1.8
      '@smithy/protocol-http': 3.0.11
      '@smithy/service-error-classification': 2.0.8
      '@smithy/smithy-client': 2.1.18
      '@smithy/types': 2.7.0
      '@smithy/util-middleware': 2.0.8
      '@smithy/util-retry': 2.0.8
      tslib: 2.6.2
      uuid: 8.3.2
    dev: false

  /@smithy/middleware-serde@2.0.15:
    resolution: {integrity: sha512-FOZRFk/zN4AT4wzGuBY+39XWe+ZnCFd0gZtyw3f9Okn2CJPixl9GyWe98TIaljeZdqWkgrzGyPre20AcW2UMHQ==}
    engines: {node: '>=14.0.0'}
    dependencies:
      '@smithy/types': 2.7.0
      tslib: 2.6.2
    dev: false

  /@smithy/middleware-stack@2.0.9:
    resolution: {integrity: sha512-bCB5dUtGQ5wh7QNL2ELxmDc6g7ih7jWU3Kx6MYH1h4mZbv9xL3WyhKHojRltThCB1arLPyTUFDi+x6fB/oabtA==}
    engines: {node: '>=14.0.0'}
    dependencies:
      '@smithy/types': 2.7.0
      tslib: 2.6.2
    dev: false

  /@smithy/node-config-provider@2.1.8:
    resolution: {integrity: sha512-+w26OKakaBUGp+UG+dxYZtFb5fs3tgHg3/QrRrmUZj+rl3cIuw840vFUXX35cVPTUCQIiTqmz7CpVF7+hdINdQ==}
    engines: {node: '>=14.0.0'}
    dependencies:
      '@smithy/property-provider': 2.0.16
      '@smithy/shared-ini-file-loader': 2.2.7
      '@smithy/types': 2.7.0
      tslib: 2.6.2
    dev: false

  /@smithy/node-http-handler@2.2.1:
    resolution: {integrity: sha512-8iAKQrC8+VFHPAT8pg4/j6hlsTQh+NKOWlctJBrYtQa4ExcxX7aSg3vdQ2XLoYwJotFUurg/NLqFCmZaPRrogw==}
    engines: {node: '>=14.0.0'}
    dependencies:
      '@smithy/abort-controller': 2.0.15
      '@smithy/protocol-http': 3.0.11
      '@smithy/querystring-builder': 2.0.15
      '@smithy/types': 2.7.0
      tslib: 2.6.2
    dev: false

  /@smithy/property-provider@2.0.16:
    resolution: {integrity: sha512-28Ky0LlOqtEjwg5CdHmwwaDRHcTWfPRzkT6HrhwOSRS2RryAvuDfJrZpM+BMcrdeCyEg1mbcgIMoqTla+rdL8Q==}
    engines: {node: '>=14.0.0'}
    dependencies:
      '@smithy/types': 2.7.0
      tslib: 2.6.2
    dev: false

  /@smithy/protocol-http@3.0.11:
    resolution: {integrity: sha512-3ziB8fHuXIRamV/akp/sqiWmNPR6X+9SB8Xxnozzj+Nq7hSpyKdFHd1FLpBkgfGFUTzzcBJQlDZPSyxzmdcx5A==}
    engines: {node: '>=14.0.0'}
    dependencies:
      '@smithy/types': 2.7.0
      tslib: 2.6.2
    dev: false

  /@smithy/querystring-builder@2.0.15:
    resolution: {integrity: sha512-e1q85aT6HutvouOdN+dMsN0jcdshp50PSCvxDvo6aIM57LqeXimjfONUEgfqQ4IFpYWAtVixptyIRE5frMp/2A==}
    engines: {node: '>=14.0.0'}
    dependencies:
      '@smithy/types': 2.7.0
      '@smithy/util-uri-escape': 2.0.0
      tslib: 2.6.2
    dev: false

  /@smithy/querystring-parser@2.0.15:
    resolution: {integrity: sha512-jbBvoK3cc81Cj1c1TH1qMYxNQKHrYQ2DoTntN9FBbtUWcGhc+T4FP6kCKYwRLXyU4AajwGIZstvNAmIEgUUNTQ==}
    engines: {node: '>=14.0.0'}
    dependencies:
      '@smithy/types': 2.7.0
      tslib: 2.6.2
    dev: false

  /@smithy/service-error-classification@2.0.8:
    resolution: {integrity: sha512-jCw9+005im8tsfYvwwSc4TTvd29kXRFkH9peQBg5R/4DD03ieGm6v6Hpv9nIAh98GwgYg1KrztcINC1s4o7/hg==}
    engines: {node: '>=14.0.0'}
    dependencies:
      '@smithy/types': 2.7.0
    dev: false

  /@smithy/shared-ini-file-loader@2.2.7:
    resolution: {integrity: sha512-0Qt5CuiogIuvQIfK+be7oVHcPsayLgfLJGkPlbgdbl0lD28nUKu4p11L+UG3SAEsqc9UsazO+nErPXw7+IgDpQ==}
    engines: {node: '>=14.0.0'}
    dependencies:
      '@smithy/types': 2.7.0
      tslib: 2.6.2
    dev: false

  /@smithy/signature-v4@2.0.18:
    resolution: {integrity: sha512-SJRAj9jT/l9ocm8D0GojMbnA1sp7I4JeStOQ4lEXI8A5eHE73vbjlzlqIFB7cLvIgau0oUl4cGVpF9IGCrvjlw==}
    engines: {node: '>=14.0.0'}
    dependencies:
      '@smithy/eventstream-codec': 2.0.15
      '@smithy/is-array-buffer': 2.0.0
      '@smithy/types': 2.7.0
      '@smithy/util-hex-encoding': 2.0.0
      '@smithy/util-middleware': 2.0.8
      '@smithy/util-uri-escape': 2.0.0
      '@smithy/util-utf8': 2.0.2
      tslib: 2.6.2
    dev: false

  /@smithy/smithy-client@2.1.18:
    resolution: {integrity: sha512-7FqdbaJiVaHJDD9IfDhmzhSDbpjyx+ZsfdYuOpDJF09rl8qlIAIlZNoSaflKrQ3cEXZN2YxGPaNWGhbYimyIRQ==}
    engines: {node: '>=14.0.0'}
    dependencies:
      '@smithy/middleware-stack': 2.0.9
      '@smithy/types': 2.7.0
      '@smithy/util-stream': 2.0.23
      tslib: 2.6.2
    dev: false

  /@smithy/types@2.7.0:
    resolution: {integrity: sha512-1OIFyhK+vOkMbu4aN2HZz/MomREkrAC/HqY5mlJMUJfGrPRwijJDTeiN8Rnj9zUaB8ogXAfIOtZrrgqZ4w7Wnw==}
    engines: {node: '>=14.0.0'}
    dependencies:
      tslib: 2.6.2
    dev: false

  /@smithy/url-parser@2.0.15:
    resolution: {integrity: sha512-sADUncUj9rNbOTrdDGm4EXlUs0eQ9dyEo+V74PJoULY4jSQxS+9gwEgsPYyiu8PUOv16JC/MpHonOgqP/IEDZA==}
    dependencies:
      '@smithy/querystring-parser': 2.0.15
      '@smithy/types': 2.7.0
      tslib: 2.6.2
    dev: false

  /@smithy/util-base64@2.0.1:
    resolution: {integrity: sha512-DlI6XFYDMsIVN+GH9JtcRp3j02JEVuWIn/QOZisVzpIAprdsxGveFed0bjbMRCqmIFe8uetn5rxzNrBtIGrPIQ==}
    engines: {node: '>=14.0.0'}
    dependencies:
      '@smithy/util-buffer-from': 2.0.0
      tslib: 2.6.2
    dev: false

  /@smithy/util-body-length-browser@2.0.1:
    resolution: {integrity: sha512-NXYp3ttgUlwkaug4bjBzJ5+yIbUbUx8VsSLuHZROQpoik+gRkIBeEG9MPVYfvPNpuXb/puqodeeUXcKFe7BLOQ==}
    dependencies:
      tslib: 2.6.2
    dev: false

  /@smithy/util-body-length-node@2.1.0:
    resolution: {integrity: sha512-/li0/kj/y3fQ3vyzn36NTLGmUwAICb7Jbe/CsWCktW363gh1MOcpEcSO3mJ344Gv2dqz8YJCLQpb6hju/0qOWw==}
    engines: {node: '>=14.0.0'}
    dependencies:
      tslib: 2.6.2
    dev: false

  /@smithy/util-buffer-from@2.0.0:
    resolution: {integrity: sha512-/YNnLoHsR+4W4Vf2wL5lGv0ksg8Bmk3GEGxn2vEQt52AQaPSCuaO5PM5VM7lP1K9qHRKHwrPGktqVoAHKWHxzw==}
    engines: {node: '>=14.0.0'}
    dependencies:
      '@smithy/is-array-buffer': 2.0.0
      tslib: 2.6.2
    dev: false

  /@smithy/util-config-provider@2.0.0:
    resolution: {integrity: sha512-xCQ6UapcIWKxXHEU4Mcs2s7LcFQRiU3XEluM2WcCjjBtQkUN71Tb+ydGmJFPxMUrW/GWMgQEEGipLym4XG0jZg==}
    engines: {node: '>=14.0.0'}
    dependencies:
      tslib: 2.6.2
    dev: false

  /@smithy/util-defaults-mode-browser@2.0.22:
    resolution: {integrity: sha512-qcF20IHHH96FlktvBRICDXDhLPtpVmtksHmqNGtotb9B0DYWXsC6jWXrkhrrwF7tH26nj+npVTqh9isiFV1gdA==}
    engines: {node: '>= 10.0.0'}
    dependencies:
      '@smithy/property-provider': 2.0.16
      '@smithy/smithy-client': 2.1.18
      '@smithy/types': 2.7.0
      bowser: 2.11.0
      tslib: 2.6.2
    dev: false

  /@smithy/util-defaults-mode-node@2.0.29:
    resolution: {integrity: sha512-+uG/15VoUh6JV2fdY9CM++vnSuMQ1VKZ6BdnkUM7R++C/vLjnlg+ToiSR1FqKZbMmKBXmsr8c/TsDWMAYvxbxQ==}
    engines: {node: '>= 10.0.0'}
    dependencies:
      '@smithy/config-resolver': 2.0.21
      '@smithy/credential-provider-imds': 2.1.4
      '@smithy/node-config-provider': 2.1.8
      '@smithy/property-provider': 2.0.16
      '@smithy/smithy-client': 2.1.18
      '@smithy/types': 2.7.0
      tslib: 2.6.2
    dev: false

  /@smithy/util-endpoints@1.0.7:
    resolution: {integrity: sha512-Q2gEind3jxoLk6hdKWyESMU7LnXz8aamVwM+VeVjOYzYT1PalGlY/ETa48hv2YpV4+YV604y93YngyzzzQ4IIA==}
    engines: {node: '>= 14.0.0'}
    dependencies:
      '@smithy/node-config-provider': 2.1.8
      '@smithy/types': 2.7.0
      tslib: 2.6.2
    dev: false

  /@smithy/util-hex-encoding@2.0.0:
    resolution: {integrity: sha512-c5xY+NUnFqG6d7HFh1IFfrm3mGl29lC+vF+geHv4ToiuJCBmIfzx6IeHLg+OgRdPFKDXIw6pvi+p3CsscaMcMA==}
    engines: {node: '>=14.0.0'}
    dependencies:
      tslib: 2.6.2
    dev: false

  /@smithy/util-middleware@2.0.8:
    resolution: {integrity: sha512-qkvqQjM8fRGGA8P2ydWylMhenCDP8VlkPn8kiNuFEaFz9xnUKC2irfqsBSJrfrOB9Qt6pQsI58r3zvvumhFMkw==}
    engines: {node: '>=14.0.0'}
    dependencies:
      '@smithy/types': 2.7.0
      tslib: 2.6.2
    dev: false

  /@smithy/util-retry@2.0.8:
    resolution: {integrity: sha512-cQTPnVaVFMjjS6cb44WV2yXtHVyXDC5icKyIbejMarJEApYeJWpBU3LINTxHqp/tyLI+MZOUdosr2mZ3sdziNg==}
    engines: {node: '>= 14.0.0'}
    dependencies:
      '@smithy/service-error-classification': 2.0.8
      '@smithy/types': 2.7.0
      tslib: 2.6.2
    dev: false

  /@smithy/util-stream@2.0.23:
    resolution: {integrity: sha512-OJMWq99LAZJUzUwTk+00plyxX3ESktBaGPhqNIEVab+53gLULiWN9B/8bRABLg0K6R6Xg4t80uRdhk3B/LZqMQ==}
    engines: {node: '>=14.0.0'}
    dependencies:
      '@smithy/fetch-http-handler': 2.3.1
      '@smithy/node-http-handler': 2.2.1
      '@smithy/types': 2.7.0
      '@smithy/util-base64': 2.0.1
      '@smithy/util-buffer-from': 2.0.0
      '@smithy/util-hex-encoding': 2.0.0
      '@smithy/util-utf8': 2.0.2
      tslib: 2.6.2
    dev: false

  /@smithy/util-uri-escape@2.0.0:
    resolution: {integrity: sha512-ebkxsqinSdEooQduuk9CbKcI+wheijxEb3utGXkCoYQkJnwTnLbH1JXGimJtUkQwNQbsbuYwG2+aFVyZf5TLaw==}
    engines: {node: '>=14.0.0'}
    dependencies:
      tslib: 2.6.2
    dev: false

  /@smithy/util-utf8@2.0.2:
    resolution: {integrity: sha512-qOiVORSPm6Ce4/Yu6hbSgNHABLP2VMv8QOC3tTDNHHlWY19pPyc++fBTbZPtx6egPXi4HQxKDnMxVxpbtX2GoA==}
    engines: {node: '>=14.0.0'}
    dependencies:
      '@smithy/util-buffer-from': 2.0.0
      tslib: 2.6.2
    dev: false

  /@smithy/util-waiter@2.0.15:
    resolution: {integrity: sha512-9Y+btzzB7MhLADW7xgD6SjvmoYaRkrb/9SCbNGmNdfO47v38rxb90IGXyDtAK0Shl9bMthTmLgjlfYc+vtz2Qw==}
    engines: {node: '>=14.0.0'}
    dependencies:
      '@smithy/abort-controller': 2.0.15
      '@smithy/types': 2.7.0
      tslib: 2.6.2
    dev: false

  /@tsconfig/node10@1.0.9:
    resolution: {integrity: sha512-jNsYVVxU8v5g43Erja32laIDHXeoNvFEpX33OK4d6hljo3jDhCBDhx5dhCCTMWUojscpAagGiRkBKxpdl9fxqA==}
    dev: true

  /@tsconfig/node12@1.0.11:
    resolution: {integrity: sha512-cqefuRsh12pWyGsIoBKJA9luFu3mRxCA+ORZvA4ktLSzIuCUtWVxGIuXigEwO5/ywWFMZ2QEGKWvkZG1zDMTag==}
    dev: true

  /@tsconfig/node14@1.0.3:
    resolution: {integrity: sha512-ysT8mhdixWK6Hw3i1V2AeRqZ5WfXg1G43mqoYlM2nc6388Fq5jcXyr5mRsqViLx/GJYdoL0bfXD8nmF+Zn/Iow==}
    dev: true

  /@tsconfig/node16@1.0.4:
    resolution: {integrity: sha512-vxhUy4J8lyeyinH7Azl1pdd43GJhZH/tP2weN8TntQblOY+A0XbT8DJk1/oCPuOOyg/Ja757rG0CgHcWC8OfMA==}
    dev: true

  /@types/node@20.9.1:
    resolution: {integrity: sha512-HhmzZh5LSJNS5O8jQKpJ/3ZcrrlG6L70hpGqMIAoM9YVD0YBRNWYsfwcXq8VnSjlNpCpgLzMXdiPo+dxcvSmiA==}
    dependencies:
      undici-types: 5.26.5
    dev: true

  /acorn-walk@8.3.1:
    resolution: {integrity: sha512-TgUZgYvqZprrl7YldZNoa9OciCAyZR+Ejm9eXzKCmjsF5IKp/wgQ7Z/ZpjpGTIUPwrHQIcYeI8qDh4PsEwxMbw==}
    engines: {node: '>=0.4.0'}
    dev: true

  /acorn@8.11.2:
    resolution: {integrity: sha512-nc0Axzp/0FILLEVsm4fNwLCwMttvhEI263QtVPQcbpfZZ3ts0hLsZGOpE6czNlid7CJ9MlyH8reXkpsf3YUY4w==}
    engines: {node: '>=0.4.0'}
    hasBin: true
    dev: true

  /arg@4.1.3:
    resolution: {integrity: sha512-58S9QDqG0Xx27YwPSt9fJxivjYl432YCwfDMfZ+71RAqUrZef7LrKQZ3LHLOwCS4FLNBplP533Zx895SeOCHvA==}
    dev: true

  /aws-cdk-lib@2.114.1(constructs@10.3.0):
    resolution: {integrity: sha512-pJy+Sa3+s6K9I0CXYGU8J5jumw9uQEbl8zPK8EMA+A6hP9qb1JN+a8ohyw6a1O1cb4D5S6gwH+hE7Fq7hGPY3A==}
    engines: {node: '>= 14.15.0'}
    peerDependencies:
      constructs: ^10.0.0
    dependencies:
      '@aws-cdk/asset-awscli-v1': 2.2.201
      '@aws-cdk/asset-kubectl-v20': 2.1.2
      '@aws-cdk/asset-node-proxy-agent-v6': 2.0.1
      constructs: 10.3.0
    dev: false
    bundledDependencies:
      - '@balena/dockerignore'
      - case
      - fs-extra
      - ignore
      - jsonschema
      - minimatch
      - punycode
      - semver
      - table
      - yaml

  /aws-cdk@2.114.1:
    resolution: {integrity: sha512-iLOCPb3WAJOgVYQ4GvAnrjtScJfPwcczlB4995h3nUYQdHbus0jNffFv13zBShdWct3cuX+bqLuZ4JyEmJ9+rg==}
    engines: {node: '>= 14.15.0'}
    hasBin: true
    optionalDependencies:
      fsevents: 2.3.2
    dev: true

  /bowser@2.11.0:
    resolution: {integrity: sha512-AlcaJBi/pqqJBIQ8U9Mcpc9i8Aqxn88Skv5d+xBX006BY5u8N3mGLHa5Lgppa7L/HfwgwLgZ6NYs+Ag6uUmJRA==}
    dev: false

  /buffer-from@1.1.2:
    resolution: {integrity: sha512-E+XQCRwSbaaiChtv6k6Dwgc+bx+Bs6vuKJHHl5kox/BaKbhiXzqQOwK4cO22yElGp2OCmjwVhT3HmxgyPGnJfQ==}
    dev: false

  /constructs@10.3.0:
    resolution: {integrity: sha512-vbK8i3rIb/xwZxSpTjz3SagHn1qq9BChLEfy5Hf6fB3/2eFbrwt2n9kHwQcS0CPTRBesreeAcsJfMq2229FnbQ==}
    engines: {node: '>= 16.14.0'}
    dev: false

  /create-require@1.1.1:
    resolution: {integrity: sha512-dcKFX3jn0MpIaXjisoRvexIJVEKzaq7z2rZKxf+MSr9TkdmHmsU4m2lcLojrj/FHl8mk5VxMmYA+ftRkP/3oKQ==}
    dev: true

  /diff@4.0.2:
    resolution: {integrity: sha512-58lmxKSA4BNyLz+HHMUzlOEpg09FV+ev6ZMe3vJihgdxzgcwZ8VoEEPmALCZG9LmqfVoNMMKpttIYTVG6uDY7A==}
    engines: {node: '>=0.3.1'}
    dev: true

  /esbuild@0.19.9:
    resolution: {integrity: sha512-U9CHtKSy+EpPsEBa+/A2gMs/h3ylBC0H0KSqIg7tpztHerLi6nrrcoUJAkNCEPumx8yJ+Byic4BVwHgRbN0TBg==}
    engines: {node: '>=12'}
    hasBin: true
    requiresBuild: true
    optionalDependencies:
      '@esbuild/android-arm': 0.19.9
      '@esbuild/android-arm64': 0.19.9
      '@esbuild/android-x64': 0.19.9
      '@esbuild/darwin-arm64': 0.19.9
      '@esbuild/darwin-x64': 0.19.9
      '@esbuild/freebsd-arm64': 0.19.9
      '@esbuild/freebsd-x64': 0.19.9
      '@esbuild/linux-arm': 0.19.9
      '@esbuild/linux-arm64': 0.19.9
      '@esbuild/linux-ia32': 0.19.9
      '@esbuild/linux-loong64': 0.19.9
      '@esbuild/linux-mips64el': 0.19.9
      '@esbuild/linux-ppc64': 0.19.9
      '@esbuild/linux-riscv64': 0.19.9
      '@esbuild/linux-s390x': 0.19.9
      '@esbuild/linux-x64': 0.19.9
      '@esbuild/netbsd-x64': 0.19.9
      '@esbuild/openbsd-x64': 0.19.9
      '@esbuild/sunos-x64': 0.19.9
      '@esbuild/win32-arm64': 0.19.9
      '@esbuild/win32-ia32': 0.19.9
      '@esbuild/win32-x64': 0.19.9
    dev: true

  /fast-xml-parser@4.2.5:
    resolution: {integrity: sha512-B9/wizE4WngqQftFPmdaMYlXoJlJOYxGQOanC77fq9k8+Z0v5dDSVh+3glErdIROP//s/jgb7ZuxKfB8nVyo0g==}
    hasBin: true
    dependencies:
      strnum: 1.0.5
    dev: false

  /fsevents@2.3.2:
    resolution: {integrity: sha512-xiqMQR4xAeHTuB9uWm+fFRcIOgKBMiOBP+eXiyT7jsgVCq1bkVygt00oASowB7EdtpOHaaPgKt812P9ab+DDKA==}
    engines: {node: ^8.16.0 || ^10.6.0 || >=11.0.0}
    os: [darwin]
    requiresBuild: true
    dev: true
    optional: true

  /make-error@1.3.6:
    resolution: {integrity: sha512-s8UhlNe7vPKomQhC1qFelMokr/Sc3AgNbso3n74mVPA5LTZwkB9NlXf4XPamLxJE8h0gh73rM94xvwRT2CVInw==}
    dev: true

  /mnemonist@0.38.3:
    resolution: {integrity: sha512-2K9QYubXx/NAjv4VLq1d1Ly8pWNC5L3BrixtdkyTegXWJIqY+zLNDhhX/A+ZwWt70tB1S8H4BE8FLYEFyNoOBw==}
    dependencies:
      obliterator: 1.6.1
    dev: false

  /obliterator@1.6.1:
    resolution: {integrity: sha512-9WXswnqINnnhOG/5SLimUlzuU1hFJUc8zkwyD59Sd+dPOMf05PmnYG/d6Q7HZ+KmgkZJa1PxRso6QdM3sTNHig==}
    dev: false

  /prettier@3.1.1:
    resolution: {integrity: sha512-22UbSzg8luF4UuZtzgiUOfcGM8s4tjBv6dJRT7j275NXsy2jb4aJa4NNveul5x4eqlF1wuhuR2RElK71RvmVaw==}
    engines: {node: '>=14'}
    hasBin: true
    dev: true

  /source-map-support@0.5.21:
    resolution: {integrity: sha512-uBHU3L3czsIyYXKX88fdrGovxdSCoTGDRZ6SYXtSRxLZUzHg5P/66Ht6uoUlHu9EZod+inXhKo3qQgwXUT/y1w==}
    dependencies:
      buffer-from: 1.1.2
      source-map: 0.6.1
    dev: false

  /source-map@0.6.1:
    resolution: {integrity: sha512-UjgapumWlbMhkBgzT7Ykc5YXUT46F0iKu8SGXq0bcwP5dz/h0Plj6enJqjz1Zbq2l5WaqYnrVbwWOWMyF3F47g==}
    engines: {node: '>=0.10.0'}
    dev: false

  /strnum@1.0.5:
    resolution: {integrity: sha512-J8bbNyKKXl5qYcR36TIO8W3mVGVHrmmxsd5PAItGkmyzwJvybiw2IVq5nqd0i4LSNSkB/sx9VHllbfFdr9k1JA==}
    dev: false

  /ts-node@10.9.2(@types/node@20.9.1)(typescript@5.2.2):
    resolution: {integrity: sha512-f0FFpIdcHgn8zcPSbf1dRevwt047YMnaiJM3u2w2RewrB+fob/zePZcrOyQoLMMO7aBIddLcQIEK5dYjkLnGrQ==}
    hasBin: true
    peerDependencies:
      '@swc/core': '>=1.2.50'
      '@swc/wasm': '>=1.2.50'
      '@types/node': '*'
      typescript: '>=2.7'
    peerDependenciesMeta:
      '@swc/core':
        optional: true
      '@swc/wasm':
        optional: true
    dependencies:
      '@cspotcode/source-map-support': 0.8.1
      '@tsconfig/node10': 1.0.9
      '@tsconfig/node12': 1.0.11
      '@tsconfig/node14': 1.0.3
      '@tsconfig/node16': 1.0.4
      '@types/node': 20.9.1
      acorn: 8.11.2
      acorn-walk: 8.3.1
      arg: 4.1.3
      create-require: 1.1.1
      diff: 4.0.2
      make-error: 1.3.6
      typescript: 5.2.2
      v8-compile-cache-lib: 3.0.1
      yn: 3.1.1
    dev: true

  /tslib@1.14.1:
    resolution: {integrity: sha512-Xni35NKzjgMrwevysHTCArtLDpPvye8zV/0E4EyYn43P7/7qvQwPh9BGkHewbMulVntbigmcT7rdX3BNo9wRJg==}
    dev: false

  /tslib@2.6.2:
    resolution: {integrity: sha512-AEYxH93jGFPn/a2iVAwW87VuUIkR1FVUKB77NwMF7nBTDkDrrT/Hpt/IrCJ0QXhW27jTBDcf5ZY7w6RiqTMw2Q==}
    dev: false

  /typescript@5.2.2:
    resolution: {integrity: sha512-mI4WrpHsbCIcwT9cF4FZvr80QUeKvsUsUvKDoR+X/7XHQH98xYD8YHZg7ANtz2GtZt/CBq2QJ0thkGJMHfqc1w==}
    engines: {node: '>=14.17'}
    hasBin: true
    dev: true

  /undici-types@5.26.5:
    resolution: {integrity: sha512-JlCMO+ehdEIKqlFxk6IfVoAUVmgz7cU7zD/h9XZ0qzeosSHmUJVOzSQvvYSYWXkFXC+IfLKSIffhv0sVZup6pA==}
    dev: true

  /uuid@8.3.2:
    resolution: {integrity: sha512-+NYs2QeMWy+GWFOEm9xnn6HCDp0l7QBD7ml8zLUmJ+93Q5NF0NocErnwkTkXVFNiX3/fpC6afS8Dhb/gz7R7eg==}
    hasBin: true
    dev: false

  /v8-compile-cache-lib@3.0.1:
    resolution: {integrity: sha512-wa7YjyUGfNZngI/vtK0UHAN+lgDCxBPCylVXGp0zu59Fz5aiGtNXaq3DhIov063MorB+VfufLh3JlF2KdTK3xg==}
    dev: true

  /yn@3.1.1:
    resolution: {integrity: sha512-Ux4ygGWsu2c7isFWe8Yu1YluJmqVhxqK2cLXNQA5AcC3QfbGNpM7fu0Y8b/z16pXLnFxZYvWhd3fhBY9DLmC6Q==}
    engines: {node: '>=6'}
    dev: true
